// !$*UTF8*$!
{
	archiveVersion = 1;
	classes = {
	};
	objectVersion = 50;
	objects = {

/* Begin PBXBuildFile section */
		8417C6F121DF68FD003EA163 /* TopBarViewController.swift in Sources */ = {isa = PBXBuildFile; fileRef = 8417C6F021DF68FD003EA163 /* TopBarViewController.swift */; };
		8417C6F321DFDFA2003EA163 /* StudentInformation.swift in Sources */ = {isa = PBXBuildFile; fileRef = 8417C6F221DFDFA2003EA163 /* StudentInformation.swift */; };
		841A8DA421DAA0AD000D9FCD /* UdacityClient.swift in Sources */ = {isa = PBXBuildFile; fileRef = 841A8DA321DAA0AD000D9FCD /* UdacityClient.swift */; };
		8427059221E140D500E508F4 /* AnnotationsTableViewCell.swift in Sources */ = {isa = PBXBuildFile; fileRef = 8427059121E140D500E508F4 /* AnnotationsTableViewCell.swift */; };
		842C3EAE21E7451B00286F7B /* LocationData.swift in Sources */ = {isa = PBXBuildFile; fileRef = 842C3EAD21E7451B00286F7B /* LocationData.swift */; };
		84C3269421E2862000ECCFC2 /* InformationPostingViewController.swift in Sources */ = {isa = PBXBuildFile; fileRef = 84C3269321E2862000ECCFC2 /* InformationPostingViewController.swift */; };
		84C3269621E2870B00ECCFC2 /* AddLocationViewController.swift in Sources */ = {isa = PBXBuildFile; fileRef = 84C3269521E2870B00ECCFC2 /* AddLocationViewController.swift */; };
		84FFA41D21D7849000F17014 /* AppDelegate.swift in Sources */ = {isa = PBXBuildFile; fileRef = 84FFA41C21D7849000F17014 /* AppDelegate.swift */; };
		84FFA41F21D7849000F17014 /* MapViewController.swift in Sources */ = {isa = PBXBuildFile; fileRef = 84FFA41E21D7849000F17014 /* MapViewController.swift */; };
		84FFA42121D7849000F17014 /* ListViewController.swift in Sources */ = {isa = PBXBuildFile; fileRef = 84FFA42021D7849000F17014 /* ListViewController.swift */; };
		84FFA42421D7849100F17014 /* Main.storyboard in Resources */ = {isa = PBXBuildFile; fileRef = 84FFA42221D7849100F17014 /* Main.storyboard */; };
		84FFA42621D7849200F17014 /* Assets.xcassets in Resources */ = {isa = PBXBuildFile; fileRef = 84FFA42521D7849200F17014 /* Assets.xcassets */; };
		84FFA42921D7849200F17014 /* LaunchScreen.storyboard in Resources */ = {isa = PBXBuildFile; fileRef = 84FFA42721D7849200F17014 /* LaunchScreen.storyboard */; };
		84FFA43421D786CC00F17014 /* LoginViewController.swift in Sources */ = {isa = PBXBuildFile; fileRef = 84FFA43321D786CC00F17014 /* LoginViewController.swift */; };
		84FFA43621D7C3E800F17014 /* UdacityConstants.swift in Sources */ = {isa = PBXBuildFile; fileRef = 84FFA43521D7C3E800F17014 /* UdacityConstants.swift */; };
/* End PBXBuildFile section */

/* Begin PBXFileReference section */
		8417C6F021DF68FD003EA163 /* TopBarViewController.swift */ = {isa = PBXFileReference; lastKnownFileType = sourcecode.swift; path = TopBarViewController.swift; sourceTree = "<group>"; };
		8417C6F221DFDFA2003EA163 /* StudentInformation.swift */ = {isa = PBXFileReference; lastKnownFileType = sourcecode.swift; path = StudentInformation.swift; sourceTree = "<group>"; };
		841A8DA321DAA0AD000D9FCD /* UdacityClient.swift */ = {isa = PBXFileReference; lastKnownFileType = sourcecode.swift; path = UdacityClient.swift; sourceTree = "<group>"; };
		8427059121E140D500E508F4 /* AnnotationsTableViewCell.swift */ = {isa = PBXFileReference; lastKnownFileType = sourcecode.swift; path = AnnotationsTableViewCell.swift; sourceTree = "<group>"; };
		842C3EAD21E7451B00286F7B /* LocationData.swift */ = {isa = PBXFileReference; lastKnownFileType = sourcecode.swift; path = LocationData.swift; sourceTree = "<group>"; };
		84C3269321E2862000ECCFC2 /* InformationPostingViewController.swift */ = {isa = PBXFileReference; lastKnownFileType = sourcecode.swift; path = InformationPostingViewController.swift; sourceTree = "<group>"; };
		84C3269521E2870B00ECCFC2 /* AddLocationViewController.swift */ = {isa = PBXFileReference; lastKnownFileType = sourcecode.swift; path = AddLocationViewController.swift; sourceTree = "<group>"; };
		84FFA41921D7849000F17014 /* OnTheMap.app */ = {isa = PBXFileReference; explicitFileType = wrapper.application; includeInIndex = 0; path = OnTheMap.app; sourceTree = BUILT_PRODUCTS_DIR; };
		84FFA41C21D7849000F17014 /* AppDelegate.swift */ = {isa = PBXFileReference; lastKnownFileType = sourcecode.swift; path = AppDelegate.swift; sourceTree = "<group>"; };
		84FFA41E21D7849000F17014 /* MapViewController.swift */ = {isa = PBXFileReference; lastKnownFileType = sourcecode.swift; path = MapViewController.swift; sourceTree = "<group>"; };
		84FFA42021D7849000F17014 /* ListViewController.swift */ = {isa = PBXFileReference; lastKnownFileType = sourcecode.swift; path = ListViewController.swift; sourceTree = "<group>"; };
		84FFA42321D7849100F17014 /* Base */ = {isa = PBXFileReference; lastKnownFileType = file.storyboard; name = Base; path = Base.lproj/Main.storyboard; sourceTree = "<group>"; };
		84FFA42521D7849200F17014 /* Assets.xcassets */ = {isa = PBXFileReference; lastKnownFileType = folder.assetcatalog; path = Assets.xcassets; sourceTree = "<group>"; };
		84FFA42821D7849200F17014 /* Base */ = {isa = PBXFileReference; lastKnownFileType = file.storyboard; name = Base; path = Base.lproj/LaunchScreen.storyboard; sourceTree = "<group>"; };
		84FFA42A21D7849200F17014 /* Info.plist */ = {isa = PBXFileReference; lastKnownFileType = text.plist.xml; path = Info.plist; sourceTree = "<group>"; };
		84FFA43321D786CC00F17014 /* LoginViewController.swift */ = {isa = PBXFileReference; lastKnownFileType = sourcecode.swift; path = LoginViewController.swift; sourceTree = "<group>"; };
		84FFA43521D7C3E800F17014 /* UdacityConstants.swift */ = {isa = PBXFileReference; lastKnownFileType = sourcecode.swift; path = UdacityConstants.swift; sourceTree = "<group>"; };
/* End PBXFileReference section */

/* Begin PBXFrameworksBuildPhase section */
		84FFA41621D7849000F17014 /* Frameworks */ = {
			isa = PBXFrameworksBuildPhase;
			buildActionMask = 2147483647;
			files = (
			);
			runOnlyForDeploymentPostprocessing = 0;
		};
/* End PBXFrameworksBuildPhase section */

/* Begin PBXGroup section */
		841A8DA121DAA064000D9FCD /* Clients */ = {
			isa = PBXGroup;
			children = (
				841A8DA221DAA06C000D9FCD /* Udacity */,
			);
			path = Clients;
			sourceTree = "<group>";
		};
		841A8DA221DAA06C000D9FCD /* Udacity */ = {
			isa = PBXGroup;
			children = (
				84FFA43521D7C3E800F17014 /* UdacityConstants.swift */,
				841A8DA321DAA0AD000D9FCD /* UdacityClient.swift */,
			);
			path = Udacity;
			sourceTree = "<group>";
		};
		84FFA41021D7849000F17014 = {
			isa = PBXGroup;
			children = (
				84FFA41B21D7849000F17014 /* OnTheMap */,
				84FFA41A21D7849000F17014 /* Products */,
			);
			sourceTree = "<group>";
		};
		84FFA41A21D7849000F17014 /* Products */ = {
			isa = PBXGroup;
			children = (
				84FFA41921D7849000F17014 /* OnTheMap.app */,
			);
			name = Products;
			sourceTree = "<group>";
		};
		84FFA41B21D7849000F17014 /* OnTheMap */ = {
			isa = PBXGroup;
			children = (
				84FFA43021D784E200F17014 /* Model */,
				84FFA43121D784EC00F17014 /* View */,
				84FFA43221D784F700F17014 /* Controller */,
				84FFA41C21D7849000F17014 /* AppDelegate.swift */,
				84FFA42221D7849100F17014 /* Main.storyboard */,
				84FFA42521D7849200F17014 /* Assets.xcassets */,
				84FFA42721D7849200F17014 /* LaunchScreen.storyboard */,
				84FFA42A21D7849200F17014 /* Info.plist */,
			);
			path = OnTheMap;
			sourceTree = "<group>";
		};
		84FFA43021D784E200F17014 /* Model */ = {
			isa = PBXGroup;
			children = (
				841A8DA121DAA064000D9FCD /* Clients */,
				8417C6F221DFDFA2003EA163 /* StudentInformation.swift */,
				8427059121E140D500E508F4 /* AnnotationsTableViewCell.swift */,
				842C3EAD21E7451B00286F7B /* LocationData.swift */,
			);
			path = Model;
			sourceTree = "<group>";
		};
		84FFA43121D784EC00F17014 /* View */ = {
			isa = PBXGroup;
			children = (
			);
			path = View;
			sourceTree = "<group>";
		};
		84FFA43221D784F700F17014 /* Controller */ = {
			isa = PBXGroup;
			children = (
				84FFA43321D786CC00F17014 /* LoginViewController.swift */,
				84FFA41E21D7849000F17014 /* MapViewController.swift */,
				84FFA42021D7849000F17014 /* ListViewController.swift */,
				8417C6F021DF68FD003EA163 /* TopBarViewController.swift */,
				84C3269321E2862000ECCFC2 /* InformationPostingViewController.swift */,
				84C3269521E2870B00ECCFC2 /* AddLocationViewController.swift */,
			);
			path = Controller;
			sourceTree = "<group>";
		};
/* End PBXGroup section */

/* Begin PBXNativeTarget section */
		84FFA41821D7849000F17014 /* OnTheMap */ = {
			isa = PBXNativeTarget;
			buildConfigurationList = 84FFA42D21D7849200F17014 /* Build configuration list for PBXNativeTarget "OnTheMap" */;
			buildPhases = (
				84FFA41521D7849000F17014 /* Sources */,
				84FFA41621D7849000F17014 /* Frameworks */,
				84FFA41721D7849000F17014 /* Resources */,
			);
			buildRules = (
			);
			dependencies = (
			);
			name = OnTheMap;
			productName = OnTheMap;
			productReference = 84FFA41921D7849000F17014 /* OnTheMap.app */;
			productType = "com.apple.product-type.application";
		};
/* End PBXNativeTarget section */

/* Begin PBXProject section */
		84FFA41121D7849000F17014 /* Project object */ = {
			isa = PBXProject;
			attributes = {
				LastSwiftUpdateCheck = 1010;
				LastUpgradeCheck = 1010;
				ORGANIZATIONNAME = Rima;
				TargetAttributes = {
					84FFA41821D7849000F17014 = {
						CreatedOnToolsVersion = 10.1;
					};
				};
			};
			buildConfigurationList = 84FFA41421D7849000F17014 /* Build configuration list for PBXProject "OnTheMap" */;
			compatibilityVersion = "Xcode 9.3";
			developmentRegion = en;
			hasScannedForEncodings = 0;
			knownRegions = (
				en,
				Base,
			);
			mainGroup = 84FFA41021D7849000F17014;
			productRefGroup = 84FFA41A21D7849000F17014 /* Products */;
			projectDirPath = "";
			projectRoot = "";
			targets = (
				84FFA41821D7849000F17014 /* OnTheMap */,
			);
		};
/* End PBXProject section */

/* Begin PBXResourcesBuildPhase section */
		84FFA41721D7849000F17014 /* Resources */ = {
			isa = PBXResourcesBuildPhase;
			buildActionMask = 2147483647;
			files = (
				84FFA42921D7849200F17014 /* LaunchScreen.storyboard in Resources */,
				84FFA42621D7849200F17014 /* Assets.xcassets in Resources */,
				84FFA42421D7849100F17014 /* Main.storyboard in Resources */,
			);
			runOnlyForDeploymentPostprocessing = 0;
		};
/* End PBXResourcesBuildPhase section */

/* Begin PBXSourcesBuildPhase section */
		84FFA41521D7849000F17014 /* Sources */ = {
			isa = PBXSourcesBuildPhase;
			buildActionMask = 2147483647;
			files = (
				842C3EAE21E7451B00286F7B /* LocationData.swift in Sources */,
				8417C6F321DFDFA2003EA163 /* StudentInformation.swift in Sources */,
				84FFA43421D786CC00F17014 /* LoginViewController.swift in Sources */,
				8427059221E140D500E508F4 /* AnnotationsTableViewCell.swift in Sources */,
				84FFA43621D7C3E800F17014 /* UdacityConstants.swift in Sources */,
				841A8DA421DAA0AD000D9FCD /* UdacityClient.swift in Sources */,
				84C3269621E2870B00ECCFC2 /* AddLocationViewController.swift in Sources */,
				84FFA42121D7849000F17014 /* ListViewController.swift in Sources */,
				84C3269421E2862000ECCFC2 /* InformationPostingViewController.swift in Sources */,
				8417C6F121DF68FD003EA163 /* TopBarViewController.swift in Sources */,
				84FFA41D21D7849000F17014 /* AppDelegate.swift in Sources */,
				84FFA41F21D7849000F17014 /* MapViewController.swift in Sources */,
			);
			runOnlyForDeploymentPostprocessing = 0;
		};
/* End PBXSourcesBuildPhase section */

/* Begin PBXVariantGroup section */
		84FFA42221D7849100F17014 /* Main.storyboard */ = {
			isa = PBXVariantGroup;
			children = (
				84FFA42321D7849100F17014 /* Base */,
			);
			name = Main.storyboard;
			sourceTree = "<group>";
		};
		84FFA42721D7849200F17014 /* LaunchScreen.storyboard */ = {
			isa = PBXVariantGroup;
			children = (
				84FFA42821D7849200F17014 /* Base */,
			);
			name = LaunchScreen.storyboard;
			sourceTree = "<group>";
		};
/* End PBXVariantGroup section */

/* Begin XCBuildConfiguration section */
		84FFA42B21D7849200F17014 /* Debug */ = {
			isa = XCBuildConfiguration;
			buildSettings = {
				ALWAYS_SEARCH_USER_PATHS = NO;
				CLANG_ANALYZER_NONNULL = YES;
				CLANG_ANALYZER_NUMBER_OBJECT_CONVERSION = YES_AGGRESSIVE;
				CLANG_CXX_LANGUAGE_STANDARD = "gnu++14";
				CLANG_CXX_LIBRARY = "libc++";
				CLANG_ENABLE_MODULES = YES;
				CLANG_ENABLE_OBJC_ARC = YES;
				CLANG_ENABLE_OBJC_WEAK = YES;
				CLANG_WARN_BLOCK_CAPTURE_AUTORELEASING = YES;
				CLANG_WARN_BOOL_CONVERSION = YES;
				CLANG_WARN_COMMA = YES;
				CLANG_WARN_CONSTANT_CONVERSION = YES;
				CLANG_WARN_DEPRECATED_OBJC_IMPLEMENTATIONS = YES;
				CLANG_WARN_DIRECT_OBJC_ISA_USAGE = YES_ERROR;
				CLANG_WARN_DOCUMENTATION_COMMENTS = YES;
				CLANG_WARN_EMPTY_BODY = YES;
				CLANG_WARN_ENUM_CONVERSION = YES;
				CLANG_WARN_INFINITE_RECURSION = YES;
				CLANG_WARN_INT_CONVERSION = YES;
				CLANG_WARN_NON_LITERAL_NULL_CONVERSION = YES;
				CLANG_WARN_OBJC_IMPLICIT_RETAIN_SELF = YES;
				CLANG_WARN_OBJC_LITERAL_CONVERSION = YES;
				CLANG_WARN_OBJC_ROOT_CLASS = YES_ERROR;
				CLANG_WARN_RANGE_LOOP_ANALYSIS = YES;
				CLANG_WARN_STRICT_PROTOTYPES = YES;
				CLANG_WARN_SUSPICIOUS_MOVE = YES;
				CLANG_WARN_UNGUARDED_AVAILABILITY = YES_AGGRESSIVE;
				CLANG_WARN_UNREACHABLE_CODE = YES;
				CLANG_WARN__DUPLICATE_METHOD_MATCH = YES;
				CODE_SIGN_IDENTITY = "iPhone Developer";
				COPY_PHASE_STRIP = NO;
				DEBUG_INFORMATION_FORMAT = dwarf;
				ENABLE_STRICT_OBJC_MSGSEND = YES;
				ENABLE_TESTABILITY = YES;
				GCC_C_LANGUAGE_STANDARD = gnu11;
				GCC_DYNAMIC_NO_PIC = NO;
				GCC_NO_COMMON_BLOCKS = YES;
				GCC_OPTIMIZATION_LEVEL = 0;
				GCC_PREPROCESSOR_DEFINITIONS = (
					"DEBUG=1",
					"$(inherited)",
				);
				GCC_WARN_64_TO_32_BIT_CONVERSION = YES;
				GCC_WARN_ABOUT_RETURN_TYPE = YES_ERROR;
				GCC_WARN_UNDECLARED_SELECTOR = YES;
				GCC_WARN_UNINITIALIZED_AUTOS = YES_AGGRESSIVE;
				GCC_WARN_UNUSED_FUNCTION = YES;
				GCC_WARN_UNUSED_VARIABLE = YES;
				IPHONEOS_DEPLOYMENT_TARGET = 12.1;
				MTL_ENABLE_DEBUG_INFO = INCLUDE_SOURCE;
				MTL_FAST_MATH = YES;
				ONLY_ACTIVE_ARCH = YES;
				SDKROOT = iphoneos;
				SWIFT_ACTIVE_COMPILATION_CONDITIONS = DEBUG;
				SWIFT_OPTIMIZATION_LEVEL = "-Onone";
			};
			name = Debug;
		};
		84FFA42C21D7849200F17014 /* Release */ = {
			isa = XCBuildConfiguration;
			buildSettings = {
				ALWAYS_SEARCH_USER_PATHS = NO;
				CLANG_ANALYZER_NONNULL = YES;
				CLANG_ANALYZER_NUMBER_OBJECT_CONVERSION = YES_AGGRESSIVE;
				CLANG_CXX_LANGUAGE_STANDARD = "gnu++14";
				CLANG_CXX_LIBRARY = "libc++";
				CLANG_ENABLE_MODULES = YES;
				CLANG_ENABLE_OBJC_ARC = YES;
				CLANG_ENABLE_OBJC_WEAK = YES;
				CLANG_WARN_BLOCK_CAPTURE_AUTORELEASING = YES;
				CLANG_WARN_BOOL_CONVERSION = YES;
				CLANG_WARN_COMMA = YES;
				CLANG_WARN_CONSTANT_CONVERSION = YES;
				CLANG_WARN_DEPRECATED_OBJC_IMPLEMENTATIONS = YES;
				CLANG_WARN_DIRECT_OBJC_ISA_USAGE = YES_ERROR;
				CLANG_WARN_DOCUMENTATION_COMMENTS = YES;
				CLANG_WARN_EMPTY_BODY = YES;
				CLANG_WARN_ENUM_CONVERSION = YES;
				CLANG_WARN_INFINITE_RECURSION = YES;
				CLANG_WARN_INT_CONVERSION = YES;
				CLANG_WARN_NON_LITERAL_NULL_CONVERSION = YES;
				CLANG_WARN_OBJC_IMPLICIT_RETAIN_SELF = YES;
				CLANG_WARN_OBJC_LITERAL_CONVERSION = YES;
				CLANG_WARN_OBJC_ROOT_CLASS = YES_ERROR;
				CLANG_WARN_RANGE_LOOP_ANALYSIS = YES;
				CLANG_WARN_STRICT_PROTOTYPES = YES;
				CLANG_WARN_SUSPICIOUS_MOVE = YES;
				CLANG_WARN_UNGUARDED_AVAILABILITY = YES_AGGRESSIVE;
				CLANG_WARN_UNREACHABLE_CODE = YES;
				CLANG_WARN__DUPLICATE_METHOD_MATCH = YES;
				CODE_SIGN_IDENTITY = "iPhone Developer";
				COPY_PHASE_STRIP = NO;
				DEBUG_INFORMATION_FORMAT = "dwarf-with-dsym";
				ENABLE_NS_ASSERTIONS = NO;
				ENABLE_STRICT_OBJC_MSGSEND = YES;
				GCC_C_LANGUAGE_STANDARD = gnu11;
				GCC_NO_COMMON_BLOCKS = YES;
				GCC_WARN_64_TO_32_BIT_CONVERSION = YES;
				GCC_WARN_ABOUT_RETURN_TYPE = YES_ERROR;
				GCC_WARN_UNDECLARED_SELECTOR = YES;
				GCC_WARN_UNINITIALIZED_AUTOS = YES_AGGRESSIVE;
				GCC_WARN_UNUSED_FUNCTION = YES;
				GCC_WARN_UNUSED_VARIABLE = YES;
				IPHONEOS_DEPLOYMENT_TARGET = 12.1;
				MTL_ENABLE_DEBUG_INFO = NO;
				MTL_FAST_MATH = YES;
				SDKROOT = iphoneos;
				SWIFT_COMPILATION_MODE = wholemodule;
				SWIFT_OPTIMIZATION_LEVEL = "-O";
				VALIDATE_PRODUCT = YES;
			};
			name = Release;
		};
		84FFA42E21D7849200F17014 /* Debug */ = {
			isa = XCBuildConfiguration;
			buildSettings = {
				ASSETCATALOG_COMPILER_APPICON_NAME = AppIcon;
				CODE_SIGN_STYLE = Automatic;
				DEVELOPMENT_TEAM = 35Z48YX25W;
				INFOPLIST_FILE = OnTheMap/Info.plist;
				LD_RUNPATH_SEARCH_PATHS = (
					"$(inherited)",
					"@executable_path/Frameworks",
				);
				PRODUCT_BUNDLE_IDENTIFIER = com.Rima.OnTheMap;
				PRODUCT_NAME = "$(TARGET_NAME)";
				SWIFT_VERSION = 4.2;
				TARGETED_DEVICE_FAMILY = "1,2";
			};
			name = Debug;
		};
		84FFA42F21D7849200F17014 /* Release */ = {
			isa = XCBuildConfiguration;
			buildSettings = {
				ASSETCATALOG_COMPILER_APPICON_NAME = AppIcon;
				CODE_SIGN_STYLE = Automatic;
				DEVELOPMENT_TEAM = 35Z48YX25W;
				INFOPLIST_FILE = OnTheMap/Info.plist;
				LD_RUNPATH_SEARCH_PATHS = (
					"$(inherited)",
					"@executable_path/Frameworks",
				);
				PRODUCT_BUNDLE_IDENTIFIER = com.Rima.OnTheMap;
				PRODUCT_NAME = "$(TARGET_NAME)";
				SWIFT_VERSION = 4.2;
				TARGETED_DEVICE_FAMILY = "1,2";
			};
			name = Release;
		};
/* End XCBuildConfiguration section */

/* Begin XCConfigurationList section */
		84FFA41421D7849000F17014 /* Build configuration list for PBXProject "OnTheMap" */ = {
			isa = XCConfigurationList;
			buildConfigurations = (
				84FFA42B21D7849200F17014 /* Debug */,
				84FFA42C21D7849200F17014 /* Release */,
			);
			defaultConfigurationIsVisible = 0;
			defaultConfigurationName = Release;
		};
		84FFA42D21D7849200F17014 /* Build configuration list for PBXNativeTarget "OnTheMap" */ = {
			isa = XCConfigurationList;
			buildConfigurations = (
				84FFA42E21D7849200F17014 /* Debug */,
				84FFA42F21D7849200F17014 /* Release */,
			);
			defaultConfigurationIsVisible = 0;
			defaultConfigurationName = Release;
		};
/* End XCConfigurationList section */
	};
	rootObject = 84FFA41121D7849000F17014 /* Project object */;
}
